// !$*UTF8*$!
{
	archiveVersion = 1;
	classes = {
	};
	objectVersion = 56;
	objects = {

/* Begin PBXBuildFile section */
		78371B842C4E21D5004037CD /* DetailsView.swift in Sources */ = {isa = PBXBuildFile; fileRef = 78371B832C4E21D5004037CD /* DetailsView.swift */; };
		78B033222C4DE8EF00C67476 /* NoteAppApp.swift in Sources */ = {isa = PBXBuildFile; fileRef = 78B033212C4DE8EF00C67476 /* NoteAppApp.swift */; };
		78B033242C4DE8EF00C67476 /* ContentView.swift in Sources */ = {isa = PBXBuildFile; fileRef = 78B033232C4DE8EF00C67476 /* ContentView.swift */; };
		78B033262C4DE8F100C67476 /* Assets.xcassets in Resources */ = {isa = PBXBuildFile; fileRef = 78B033252C4DE8F100C67476 /* Assets.xcassets */; };
		78B033292C4DE8F100C67476 /* Preview Assets.xcassets in Resources */ = {isa = PBXBuildFile; fileRef = 78B033282C4DE8F100C67476 /* Preview Assets.xcassets */; };
		78B033302C4DEADA00C67476 /* GoogleService-Info.plist in Resources */ = {isa = PBXBuildFile; fileRef = 78B0332F2C4DEADA00C67476 /* GoogleService-Info.plist */; };
		78B033332C4DEDB300C67476 /* FirebaseAuth in Frameworks */ = {isa = PBXBuildFile; productRef = 78B033322C4DEDB300C67476 /* FirebaseAuth */; };
		78B033352C4DEDB300C67476 /* FirebaseFirestore in Frameworks */ = {isa = PBXBuildFile; productRef = 78B033342C4DEDB300C67476 /* FirebaseFirestore */; };
		78B033372C4DEDB300C67476 /* FirebaseFirestoreSwift in Frameworks */ = {isa = PBXBuildFile; productRef = 78B033362C4DEDB300C67476 /* FirebaseFirestoreSwift */; };
		78B033392C4DF92700C67476 /* Note.swift in Sources */ = {isa = PBXBuildFile; fileRef = 78B033382C4DF92700C67476 /* Note.swift */; };
		78B0333B2C4DF92F00C67476 /* NoteViewModel.swift in Sources */ = {isa = PBXBuildFile; fileRef = 78B0333A2C4DF92F00C67476 /* NoteViewModel.swift */; };
		78B0333D2C4DFC3600C67476 /* FormView.swift in Sources */ = {isa = PBXBuildFile; fileRef = 78B0333C2C4DFC3600C67476 /* FormView.swift */; };
		78B9EF262C4F71B4000A8591 /* HolderView.swift in Sources */ = {isa = PBXBuildFile; fileRef = 78B9EF252C4F71B4000A8591 /* HolderView.swift */; };
		78B9EF282C4F71D7000A8591 /* SignUpView.swift in Sources */ = {isa = PBXBuildFile; fileRef = 78B9EF272C4F71D7000A8591 /* SignUpView.swift */; };
		78B9EF2A2C4F720F000A8591 /* AuthViewModel.swift in Sources */ = {isa = PBXBuildFile; fileRef = 78B9EF292C4F720F000A8591 /* AuthViewModel.swift */; };
		78B9EF2C2C4F72A7000A8591 /* ResetPasswordView.swift in Sources */ = {isa = PBXBuildFile; fileRef = 78B9EF2B2C4F72A7000A8591 /* ResetPasswordView.swift */; };
/* End PBXBuildFile section */

/* Begin PBXFileReference section */
		78371B832C4E21D5004037CD /* DetailsView.swift */ = {isa = PBXFileReference; lastKnownFileType = sourcecode.swift; path = DetailsView.swift; sourceTree = "<group>"; };
		78B0331E2C4DE8EF00C67476 /* NoteApp.app */ = {isa = PBXFileReference; explicitFileType = wrapper.application; includeInIndex = 0; path = NoteApp.app; sourceTree = BUILT_PRODUCTS_DIR; };
		78B033212C4DE8EF00C67476 /* NoteAppApp.swift */ = {isa = PBXFileReference; lastKnownFileType = sourcecode.swift; path = NoteAppApp.swift; sourceTree = "<group>"; };
		78B033232C4DE8EF00C67476 /* ContentView.swift */ = {isa = PBXFileReference; lastKnownFileType = sourcecode.swift; path = ContentView.swift; sourceTree = "<group>"; };
		78B033252C4DE8F100C67476 /* Assets.xcassets */ = {isa = PBXFileReference; lastKnownFileType = folder.assetcatalog; path = Assets.xcassets; sourceTree = "<group>"; };
		78B033282C4DE8F100C67476 /* Preview Assets.xcassets */ = {isa = PBXFileReference; lastKnownFileType = folder.assetcatalog; path = "Preview Assets.xcassets"; sourceTree = "<group>"; };
		78B0332F2C4DEADA00C67476 /* GoogleService-Info.plist */ = {isa = PBXFileReference; fileEncoding = 4; lastKnownFileType = text.plist.xml; path = "GoogleService-Info.plist"; sourceTree = "<group>"; };
		78B033382C4DF92700C67476 /* Note.swift */ = {isa = PBXFileReference; lastKnownFileType = sourcecode.swift; path = Note.swift; sourceTree = "<group>"; };
		78B0333A2C4DF92F00C67476 /* NoteViewModel.swift */ = {isa = PBXFileReference; lastKnownFileType = sourcecode.swift; path = NoteViewModel.swift; sourceTree = "<group>"; };
		78B0333C2C4DFC3600C67476 /* FormView.swift */ = {isa = PBXFileReference; lastKnownFileType = sourcecode.swift; path = FormView.swift; sourceTree = "<group>"; };
		78B9EF252C4F71B4000A8591 /* HolderView.swift */ = {isa = PBXFileReference; lastKnownFileType = sourcecode.swift; path = HolderView.swift; sourceTree = "<group>"; };
		78B9EF272C4F71D7000A8591 /* SignUpView.swift */ = {isa = PBXFileReference; lastKnownFileType = sourcecode.swift; path = SignUpView.swift; sourceTree = "<group>"; };
		78B9EF292C4F720F000A8591 /* AuthViewModel.swift */ = {isa = PBXFileReference; lastKnownFileType = sourcecode.swift; path = AuthViewModel.swift; sourceTree = "<group>"; };
		78B9EF2B2C4F72A7000A8591 /* ResetPasswordView.swift */ = {isa = PBXFileReference; lastKnownFileType = sourcecode.swift; path = ResetPasswordView.swift; sourceTree = "<group>"; };
/* End PBXFileReference section */

/* Begin PBXFrameworksBuildPhase section */
		78B0331B2C4DE8EF00C67476 /* Frameworks */ = {
			isa = PBXFrameworksBuildPhase;
			buildActionMask = 2147483647;
			files = (
				78B033332C4DEDB300C67476 /* FirebaseAuth in Frameworks */,
				78B033352C4DEDB300C67476 /* FirebaseFirestore in Frameworks */,
				78B033372C4DEDB300C67476 /* FirebaseFirestoreSwift in Frameworks */,
			);
			runOnlyForDeploymentPostprocessing = 0;
		};
/* End PBXFrameworksBuildPhase section */

/* Begin PBXGroup section */
		78B033152C4DE8EF00C67476 = {
			isa = PBXGroup;
			children = (
				78B0332F2C4DEADA00C67476 /* GoogleService-Info.plist */,
				78B033202C4DE8EF00C67476 /* NoteApp */,
				78B0331F2C4DE8EF00C67476 /* Products */,
			);
			sourceTree = "<group>";
		};
		78B0331F2C4DE8EF00C67476 /* Products */ = {
			isa = PBXGroup;
			children = (
				78B0331E2C4DE8EF00C67476 /* NoteApp.app */,
			);
			name = Products;
			sourceTree = "<group>";
		};
		78B033202C4DE8EF00C67476 /* NoteApp */ = {
			isa = PBXGroup;
			children = (
				78B033212C4DE8EF00C67476 /* NoteAppApp.swift */,
				78B033232C4DE8EF00C67476 /* ContentView.swift */,
				78B0333C2C4DFC3600C67476 /* FormView.swift */,
				78371B832C4E21D5004037CD /* DetailsView.swift */,
				78B9EF252C4F71B4000A8591 /* HolderView.swift */,
				78B9EF272C4F71D7000A8591 /* SignUpView.swift */,
				78B9EF2B2C4F72A7000A8591 /* ResetPasswordView.swift */,
				78B033252C4DE8F100C67476 /* Assets.xcassets */,
				78B033272C4DE8F100C67476 /* Preview Content */,
				78B033382C4DF92700C67476 /* Note.swift */,
				78B0333A2C4DF92F00C67476 /* NoteViewModel.swift */,
				78B9EF292C4F720F000A8591 /* AuthViewModel.swift */,
			);
			path = NoteApp;
			sourceTree = "<group>";
		};
		78B033272C4DE8F100C67476 /* Preview Content */ = {
			isa = PBXGroup;
			children = (
				78B033282C4DE8F100C67476 /* Preview Assets.xcassets */,
			);
			path = "Preview Content";
			sourceTree = "<group>";
		};
/* End PBXGroup section */

/* Begin PBXNativeTarget section */
		78B0331D2C4DE8EF00C67476 /* NoteApp */ = {
			isa = PBXNativeTarget;
			buildConfigurationList = 78B0332C2C4DE8F100C67476 /* Build configuration list for PBXNativeTarget "NoteApp" */;
			buildPhases = (
				78B0331A2C4DE8EF00C67476 /* Sources */,
				78B0331B2C4DE8EF00C67476 /* Frameworks */,
				78B0331C2C4DE8EF00C67476 /* Resources */,
			);
			buildRules = (
			);
			dependencies = (
			);
			name = NoteApp;
			packageProductDependencies = (
				78B033322C4DEDB300C67476 /* FirebaseAuth */,
				78B033342C4DEDB300C67476 /* FirebaseFirestore */,
				78B033362C4DEDB300C67476 /* FirebaseFirestoreSwift */,
			);
			productName = NoteApp;
			productReference = 78B0331E2C4DE8EF00C67476 /* NoteApp.app */;
			productType = "com.apple.product-type.application";
		};
/* End PBXNativeTarget section */

/* Begin PBXProject section */
		78B033162C4DE8EF00C67476 /* Project object */ = {
			isa = PBXProject;
			attributes = {
				BuildIndependentTargetsInParallel = 1;
				LastSwiftUpdateCheck = 1540;
				LastUpgradeCheck = 1540;
				TargetAttributes = {
					78B0331D2C4DE8EF00C67476 = {
						CreatedOnToolsVersion = 15.4;
					};
				};
			};
			buildConfigurationList = 78B033192C4DE8EF00C67476 /* Build configuration list for PBXProject "NoteApp" */;
			compatibilityVersion = "Xcode 14.0";
			developmentRegion = en;
			hasScannedForEncodings = 0;
			knownRegions = (
				en,
				Base,
			);
			mainGroup = 78B033152C4DE8EF00C67476;
			packageReferences = (
				78B033312C4DEDB300C67476 /* XCRemoteSwiftPackageReference "firebase-ios-sdk" */,
			);
			productRefGroup = 78B0331F2C4DE8EF00C67476 /* Products */;
			projectDirPath = "";
			projectRoot = "";
			targets = (
				78B0331D2C4DE8EF00C67476 /* NoteApp */,
			);
		};
/* End PBXProject section */

/* Begin PBXResourcesBuildPhase section */
		78B0331C2C4DE8EF00C67476 /* Resources */ = {
			isa = PBXResourcesBuildPhase;
			buildActionMask = 2147483647;
			files = (
				78B033292C4DE8F100C67476 /* Preview Assets.xcassets in Resources */,
				78B033262C4DE8F100C67476 /* Assets.xcassets in Resources */,
				78B033302C4DEADA00C67476 /* GoogleService-Info.plist in Resources */,
			);
			runOnlyForDeploymentPostprocessing = 0;
		};
/* End PBXResourcesBuildPhase section */

/* Begin PBXSourcesBuildPhase section */
		78B0331A2C4DE8EF00C67476 /* Sources */ = {
			isa = PBXSourcesBuildPhase;
			buildActionMask = 2147483647;
			files = (
				78B9EF262C4F71B4000A8591 /* HolderView.swift in Sources */,
				78B0333B2C4DF92F00C67476 /* NoteViewModel.swift in Sources */,
				78B033242C4DE8EF00C67476 /* ContentView.swift in Sources */,
				78B0333D2C4DFC3600C67476 /* FormView.swift in Sources */,
				78B9EF282C4F71D7000A8591 /* SignUpView.swift in Sources */,
				78B033222C4DE8EF00C67476 /* NoteAppApp.swift in Sources */,
				78B033392C4DF92700C67476 /* Note.swift in Sources */,
				78B9EF2C2C4F72A7000A8591 /* ResetPasswordView.swift in Sources */,
				78371B842C4E21D5004037CD /* DetailsView.swift in Sources */,
				78B9EF2A2C4F720F000A8591 /* AuthViewModel.swift in Sources */,
			);
			runOnlyForDeploymentPostprocessing = 0;
		};
/* End PBXSourcesBuildPhase section */

/* Begin XCBuildConfiguration section */
		78B0332A2C4DE8F100C67476 /* Debug */ = {
			isa = XCBuildConfiguration;
			buildSettings = {
				ALWAYS_SEARCH_USER_PATHS = NO;
				ASSETCATALOG_COMPILER_GENERATE_SWIFT_ASSET_SYMBOL_EXTENSIONS = YES;
				CLANG_ANALYZER_NONNULL = YES;
				CLANG_ANALYZER_NUMBER_OBJECT_CONVERSION = YES_AGGRESSIVE;
				CLANG_CXX_LANGUAGE_STANDARD = "gnu++20";
				CLANG_ENABLE_MODULES = YES;
				CLANG_ENABLE_OBJC_ARC = YES;
				CLANG_ENABLE_OBJC_WEAK = YES;
				CLANG_WARN_BLOCK_CAPTURE_AUTORELEASING = YES;
				CLANG_WARN_BOOL_CONVERSION = YES;
				CLANG_WARN_COMMA = YES;
				CLANG_WARN_CONSTANT_CONVERSION = YES;
				CLANG_WARN_DEPRECATED_OBJC_IMPLEMENTATIONS = YES;
				CLANG_WARN_DIRECT_OBJC_ISA_USAGE = YES_ERROR;
				CLANG_WARN_DOCUMENTATION_COMMENTS = YES;
				CLANG_WARN_EMPTY_BODY = YES;
				CLANG_WARN_ENUM_CONVERSION = YES;
				CLANG_WARN_INFINITE_RECURSION = YES;
				CLANG_WARN_INT_CONVERSION = YES;
				CLANG_WARN_NON_LITERAL_NULL_CONVERSION = YES;
				CLANG_WARN_OBJC_IMPLICIT_RETAIN_SELF = YES;
				CLANG_WARN_OBJC_LITERAL_CONVERSION = YES;
				CLANG_WARN_OBJC_ROOT_CLASS = YES_ERROR;
				CLANG_WARN_QUOTED_INCLUDE_IN_FRAMEWORK_HEADER = YES;
				CLANG_WARN_RANGE_LOOP_ANALYSIS = YES;
				CLANG_WARN_STRICT_PROTOTYPES = YES;
				CLANG_WARN_SUSPICIOUS_MOVE = YES;
				CLANG_WARN_UNGUARDED_AVAILABILITY = YES_AGGRESSIVE;
				CLANG_WARN_UNREACHABLE_CODE = YES;
				CLANG_WARN__DUPLICATE_METHOD_MATCH = YES;
				COPY_PHASE_STRIP = NO;
				DEBUG_INFORMATION_FORMAT = dwarf;
				ENABLE_STRICT_OBJC_MSGSEND = YES;
				ENABLE_TESTABILITY = YES;
				ENABLE_USER_SCRIPT_SANDBOXING = YES;
				GCC_C_LANGUAGE_STANDARD = gnu17;
				GCC_DYNAMIC_NO_PIC = NO;
				GCC_NO_COMMON_BLOCKS = YES;
				GCC_OPTIMIZATION_LEVEL = 0;
				GCC_PREPROCESSOR_DEFINITIONS = (
					"DEBUG=1",
					"$(inherited)",
				);
				GCC_WARN_64_TO_32_BIT_CONVERSION = YES;
				GCC_WARN_ABOUT_RETURN_TYPE = YES_ERROR;
				GCC_WARN_UNDECLARED_SELECTOR = YES;
				GCC_WARN_UNINITIALIZED_AUTOS = YES_AGGRESSIVE;
				GCC_WARN_UNUSED_FUNCTION = YES;
				GCC_WARN_UNUSED_VARIABLE = YES;
				IPHONEOS_DEPLOYMENT_TARGET = 17.5;
				LOCALIZATION_PREFERS_STRING_CATALOGS = YES;
				MTL_ENABLE_DEBUG_INFO = INCLUDE_SOURCE;
				MTL_FAST_MATH = YES;
				ONLY_ACTIVE_ARCH = YES;
				SDKROOT = iphoneos;
				SWIFT_ACTIVE_COMPILATION_CONDITIONS = "DEBUG $(inherited)";
				SWIFT_OPTIMIZATION_LEVEL = "-Onone";
			};
			name = Debug;
		};
		78B0332B2C4DE8F100C67476 /* Release */ = {
			isa = XCBuildConfiguration;
			buildSettings = {
				ALWAYS_SEARCH_USER_PATHS = NO;
				ASSETCATALOG_COMPILER_GENERATE_SWIFT_ASSET_SYMBOL_EXTENSIONS = YES;
				CLANG_ANALYZER_NONNULL = YES;
				CLANG_ANALYZER_NUMBER_OBJECT_CONVERSION = YES_AGGRESSIVE;
				CLANG_CXX_LANGUAGE_STANDARD = "gnu++20";
				CLANG_ENABLE_MODULES = YES;
				CLANG_ENABLE_OBJC_ARC = YES;
				CLANG_ENABLE_OBJC_WEAK = YES;
				CLANG_WARN_BLOCK_CAPTURE_AUTORELEASING = YES;
				CLANG_WARN_BOOL_CONVERSION = YES;
				CLANG_WARN_COMMA = YES;
				CLANG_WARN_CONSTANT_CONVERSION = YES;
				CLANG_WARN_DEPRECATED_OBJC_IMPLEMENTATIONS = YES;
				CLANG_WARN_DIRECT_OBJC_ISA_USAGE = YES_ERROR;
				CLANG_WARN_DOCUMENTATION_COMMENTS = YES;
				CLANG_WARN_EMPTY_BODY = YES;
				CLANG_WARN_ENUM_CONVERSION = YES;
				CLANG_WARN_INFINITE_RECURSION = YES;
				CLANG_WARN_INT_CONVERSION = YES;
				CLANG_WARN_NON_LITERAL_NULL_CONVERSION = YES;
				CLANG_WARN_OBJC_IMPLICIT_RETAIN_SELF = YES;
				CLANG_WARN_OBJC_LITERAL_CONVERSION = YES;
				CLANG_WARN_OBJC_ROOT_CLASS = YES_ERROR;
				CLANG_WARN_QUOTED_INCLUDE_IN_FRAMEWORK_HEADER = YES;
				CLANG_WARN_RANGE_LOOP_ANALYSIS = YES;
				CLANG_WARN_STRICT_PROTOTYPES = YES;
				CLANG_WARN_SUSPICIOUS_MOVE = YES;
				CLANG_WARN_UNGUARDED_AVAILABILITY = YES_AGGRESSIVE;
				CLANG_WARN_UNREACHABLE_CODE = YES;
				CLANG_WARN__DUPLICATE_METHOD_MATCH = YES;
				COPY_PHASE_STRIP = NO;
				DEBUG_INFORMATION_FORMAT = "dwarf-with-dsym";
				ENABLE_NS_ASSERTIONS = NO;
				ENABLE_STRICT_OBJC_MSGSEND = YES;
				ENABLE_USER_SCRIPT_SANDBOXING = YES;
				GCC_C_LANGUAGE_STANDARD = gnu17;
				GCC_NO_COMMON_BLOCKS = YES;
				GCC_WARN_64_TO_32_BIT_CONVERSION = YES;
				GCC_WARN_ABOUT_RETURN_TYPE = YES_ERROR;
				GCC_WARN_UNDECLARED_SELECTOR = YES;
				GCC_WARN_UNINITIALIZED_AUTOS = YES_AGGRESSIVE;
				GCC_WARN_UNUSED_FUNCTION = YES;
				GCC_WARN_UNUSED_VARIABLE = YES;
				IPHONEOS_DEPLOYMENT_TARGET = 17.5;
				LOCALIZATION_PREFERS_STRING_CATALOGS = YES;
				MTL_ENABLE_DEBUG_INFO = NO;
				MTL_FAST_MATH = YES;
				SDKROOT = iphoneos;
				SWIFT_COMPILATION_MODE = wholemodule;
				VALIDATE_PRODUCT = YES;
			};
			name = Release;
		};
		78B0332D2C4DE8F100C67476 /* Debug */ = {
			isa = XCBuildConfiguration;
			buildSettings = {
				ASSETCATALOG_COMPILER_APPICON_NAME = AppIcon;
				ASSETCATALOG_COMPILER_GLOBAL_ACCENT_COLOR_NAME = AccentColor;
				CODE_SIGN_STYLE = Automatic;
				CURRENT_PROJECT_VERSION = 1;
				DEVELOPMENT_ASSET_PATHS = "\"NoteApp/Preview Content\"";
				DEVELOPMENT_TEAM = 69322Q887D;
				ENABLE_PREVIEWS = YES;
				GENERATE_INFOPLIST_FILE = YES;
				INFOPLIST_KEY_UIApplicationSceneManifest_Generation = YES;
				INFOPLIST_KEY_UIApplicationSupportsIndirectInputEvents = YES;
				INFOPLIST_KEY_UILaunchScreen_Generation = YES;
				INFOPLIST_KEY_UISupportedInterfaceOrientations_iPad = "UIInterfaceOrientationPortrait UIInterfaceOrientationPortraitUpsideDown UIInterfaceOrientationLandscapeLeft UIInterfaceOrientationLandscapeRight";
				INFOPLIST_KEY_UISupportedInterfaceOrientations_iPhone = "UIInterfaceOrientationPortrait UIInterfaceOrientationLandscapeLeft UIInterfaceOrientationLandscapeRight";
				LD_RUNPATH_SEARCH_PATHS = (
					"$(inherited)",
					"@executable_path/Frameworks",
				);
				MARKETING_VERSION = 1.0;
				PRODUCT_BUNDLE_IDENTIFIER = kr.co.codegrove.NoteApp;
				PRODUCT_NAME = "$(TARGET_NAME)";
				SWIFT_EMIT_LOC_STRINGS = YES;
				SWIFT_VERSION = 5.0;
				TARGETED_DEVICE_FAMILY = "1,2";
			};
			name = Debug;
		};
		78B0332E2C4DE8F100C67476 /* Release */ = {
			isa = XCBuildConfiguration;
			buildSettings = {
				ASSETCATALOG_COMPILER_APPICON_NAME = AppIcon;
				ASSETCATALOG_COMPILER_GLOBAL_ACCENT_COLOR_NAME = AccentColor;
				CODE_SIGN_STYLE = Automatic;
				CURRENT_PROJECT_VERSION = 1;
				DEVELOPMENT_ASSET_PATHS = "\"NoteApp/Preview Content\"";
				DEVELOPMENT_TEAM = 69322Q887D;
				ENABLE_PREVIEWS = YES;
				GENERATE_INFOPLIST_FILE = YES;
				INFOPLIST_KEY_UIApplicationSceneManifest_Generation = YES;
				INFOPLIST_KEY_UIApplicationSupportsIndirectInputEvents = YES;
				INFOPLIST_KEY_UILaunchScreen_Generation = YES;
				INFOPLIST_KEY_UISupportedInterfaceOrientations_iPad = "UIInterfaceOrientationPortrait UIInterfaceOrientationPortraitUpsideDown UIInterfaceOrientationLandscapeLeft UIInterfaceOrientationLandscapeRight";
				INFOPLIST_KEY_UISupportedInterfaceOrientations_iPhone = "UIInterfaceOrientationPortrait UIInterfaceOrientationLandscapeLeft UIInterfaceOrientationLandscapeRight";
				LD_RUNPATH_SEARCH_PATHS = (
					"$(inherited)",
					"@executable_path/Frameworks",
				);
				MARKETING_VERSION = 1.0;
				PRODUCT_BUNDLE_IDENTIFIER = kr.co.codegrove.NoteApp;
				PRODUCT_NAME = "$(TARGET_NAME)";
				SWIFT_EMIT_LOC_STRINGS = YES;
				SWIFT_VERSION = 5.0;
				TARGETED_DEVICE_FAMILY = "1,2";
			};
			name = Release;
		};
/* End XCBuildConfiguration section */

/* Begin XCConfigurationList section */
		78B033192C4DE8EF00C67476 /* Build configuration list for PBXProject "NoteApp" */ = {
			isa = XCConfigurationList;
			buildConfigurations = (
				78B0332A2C4DE8F100C67476 /* Debug */,
				78B0332B2C4DE8F100C67476 /* Release */,
			);
			defaultConfigurationIsVisible = 0;
			defaultConfigurationName = Release;
		};
		78B0332C2C4DE8F100C67476 /* Build configuration list for PBXNativeTarget "NoteApp" */ = {
			isa = XCConfigurationList;
			buildConfigurations = (
				78B0332D2C4DE8F100C67476 /* Debug */,
				78B0332E2C4DE8F100C67476 /* Release */,
			);
			defaultConfigurationIsVisible = 0;
			defaultConfigurationName = Release;
		};
/* End XCConfigurationList section */

/* Begin XCRemoteSwiftPackageReference section */
		78B033312C4DEDB300C67476 /* XCRemoteSwiftPackageReference "firebase-ios-sdk" */ = {
			isa = XCRemoteSwiftPackageReference;
			repositoryURL = "https://github.com/firebase/firebase-ios-sdk";
			requirement = {
				kind = upToNextMajorVersion;
				minimumVersion = 10.29.0;
			};
		};
/* End XCRemoteSwiftPackageReference section */

/* Begin XCSwiftPackageProductDependency section */
		78B033322C4DEDB300C67476 /* FirebaseAuth */ = {
			isa = XCSwiftPackageProductDependency;
			package = 78B033312C4DEDB300C67476 /* XCRemoteSwiftPackageReference "firebase-ios-sdk" */;
			productName = FirebaseAuth;
		};
		78B033342C4DEDB300C67476 /* FirebaseFirestore */ = {
			isa = XCSwiftPackageProductDependency;
			package = 78B033312C4DEDB300C67476 /* XCRemoteSwiftPackageReference "firebase-ios-sdk" */;
			productName = FirebaseFirestore;
		};
		78B033362C4DEDB300C67476 /* FirebaseFirestoreSwift */ = {
			isa = XCSwiftPackageProductDependency;
			package = 78B033312C4DEDB300C67476 /* XCRemoteSwiftPackageReference "firebase-ios-sdk" */;
			productName = FirebaseFirestoreSwift;
		};
/* End XCSwiftPackageProductDependency section */
	};
	rootObject = 78B033162C4DE8EF00C67476 /* Project object */;
}
